
Microsoft Visual Studio Solution File, Format Version 12.00
# Visual Studio Version 16
VisualStudioVersion = 16.0.29509.3
MinimumVisualStudioVersion = 10.0.40219.1
Project("{FAE04EC0-301F-11D3-BF4B-00C04F79EFBC}") = "RedditWannaBe.API", "RedditWannaBe.API\RedditWannaBe.API.csproj", "{D31F51AC-4CA0-49C6-9591-59DEA84C2085}"
EndProject
Global
	GlobalSection(SolutionConfigurationPlatforms) = preSolution
		Debug|Any CPU = Debug|Any CPU
		Release|Any CPU = Release|Any CPU
	EndGlobalSection
	GlobalSection(ProjectConfigurationPlatforms) = postSolution
		{D31F51AC-4CA0-49C6-9591-59DEA84C2085}.Debug|Any CPU.ActiveCfg = Debug|Any CPU
		{D31F51AC-4CA0-49C6-9591-59DEA84C2085}.Debug|Any CPU.Build.0 = Debug|Any CPU
		{D31F51AC-4CA0-49C6-9591-59DEA84C2085}.Release|Any CPU.ActiveCfg = Release|Any CPU
		{D31F51AC-4CA0-49C6-9591-59DEA84C2085}.Release|Any CPU.Build.0 = Release|Any CPU
	EndGlobalSection
	GlobalSection(SolutionProperties) = preSolution
		HideSolutionNode = FALSE
	EndGlobalSection
	GlobalSection(ExtensibilityGlobals) = postSolution
		SolutionGuid = {BE8A1DA0-DB65-4218-A85E-46D305BF64AF}
	EndGlobalSection
EndGlobal
